{
  "name": "01_pocess",
  "lockfileVersion": 3,
  "requires": true,
  "packages": {
    "": {
      "devDependencies": {
        "husky": "^9.0.11"
      }
    },
    "../../../../../AppData/Roaming/npm/node_modules/figlet": {
      "version": "1.7.0",
      "extraneous": true,
      "license": "MIT",
      "bin": {
        "figlet": "bin/index.js"
      },
      "devDependencies": {
        "async": "~3.2.4",
        "grunt": "^1.6.1",
        "grunt-contrib-clean": "~2.0.1",
        "grunt-contrib-jshint": "^3.2.0",
        "grunt-contrib-nodeunit": "~5.0.0",
        "grunt-contrib-uglify": "^5.2.2",
        "husky": "^8.0.3",
        "lint-staged": "^13.2.1",
        "prettier": "2.8.7"
      },
      "engines": {
        "node": ">= 0.4.0"
      }
    },
    "node_modules/husky": {
      "version": "9.0.11",
      "resolved": "https://registry.npmjs.org/husky/-/husky-9.0.11.tgz",
      "integrity": "sha512-AB6lFlbwwyIqMdHYhwPe+kjOC3Oc5P3nThEoW/AaO2BX3vJDjWPFxYLxokUZOo6RNX20He3AaT8sESs9NJcmEw==",
      "dev": true,
      "bin": {
        "husky": "bin.mjs"
      },
      "engines": {
        "node": ">=18"
      },
      "funding": {
        "url": "https://github.com/sponsors/typicode"
      }
    }
  }
}
